
Microsoft Visual Studio Solution File, Format Version 12.00
# Visual Studio Version 17
VisualStudioVersion = 17.0.32014.148
MinimumVisualStudioVersion = 10.0.40219.1
Project("{FAE04EC0-301F-11D3-BF4B-00C04F79EFBC}") = "LopushokApp", "LopushokApp\LopushokApp.csproj", "{EEE30932-DED4-4B58-9851-B47F9D837753}"
EndProject
Global
	GlobalSection(SolutionConfigurationPlatforms) = preSolution
		Debug|Any CPU = Debug|Any CPU
		Release|Any CPU = Release|Any CPU
	EndGlobalSection
	GlobalSection(ProjectConfigurationPlatforms) = postSolution
		{EEE30932-DED4-4B58-9851-B47F9D837753}.Debug|Any CPU.ActiveCfg = Debug|Any CPU
		{EEE30932-DED4-4B58-9851-B47F9D837753}.Debug|Any CPU.Build.0 = Debug|Any CPU
		{EEE30932-DED4-4B58-9851-B47F9D837753}.Release|Any CPU.ActiveCfg = Release|Any CPU
		{EEE30932-DED4-4B58-9851-B47F9D837753}.Release|Any CPU.Build.0 = Release|Any CPU
	EndGlobalSection
	GlobalSection(SolutionProperties) = preSolution
		HideSolutionNode = FALSE
	EndGlobalSection
	GlobalSection(ExtensibilityGlobals) = postSolution
		SolutionGuid = {5A6618D1-85D4-4AD9-9CF9-D335BE191CC9}
	EndGlobalSection
EndGlobal
